
Microsoft Visual Studio Solution File, Format Version 12.00
Project("{FAE04EC0-301F-11D3-BF4B-00C04F79EFBC}") = "TicketWithClasses", "TicketWithClasses\TicketWithClasses.csproj", "{8AB87D8F-9006-444C-89C0-541160676ECB}"
EndProject
Global
	GlobalSection(SolutionConfigurationPlatforms) = preSolution
		Debug|Any CPU = Debug|Any CPU
		Release|Any CPU = Release|Any CPU
	EndGlobalSection
	GlobalSection(ProjectConfigurationPlatforms) = postSolution
		{8AB87D8F-9006-444C-89C0-541160676ECB}.Debug|Any CPU.ActiveCfg = Debug|Any CPU
		{8AB87D8F-9006-444C-89C0-541160676ECB}.Debug|Any CPU.Build.0 = Debug|Any CPU
		{8AB87D8F-9006-444C-89C0-541160676ECB}.Release|Any CPU.ActiveCfg = Release|Any CPU
		{8AB87D8F-9006-444C-89C0-541160676ECB}.Release|Any CPU.Build.0 = Release|Any CPU
	EndGlobalSection
EndGlobal
